
Microsoft Visual Studio Solution File, Format Version 12.00
# Visual Studio 15
VisualStudioVersion = 15.0.26228.9
MinimumVisualStudioVersion = 10.0.40219.1
Project("{FAE04EC0-301F-11D3-BF4B-00C04F79EFBC}") = "JezekT.NetStandard.Pagination.EntityFrameworkCore", "JezekT.NetStandard.Pagination.EntityFrameworkCore.csproj", "{639B21A6-B69A-41AC-90EA-416400A2C74E}"
EndProject
Global
	GlobalSection(SolutionConfigurationPlatforms) = preSolution
		Debug|Any CPU = Debug|Any CPU
		Release|Any CPU = Release|Any CPU
	EndGlobalSection
	GlobalSection(ProjectConfigurationPlatforms) = postSolution
		{639B21A6-B69A-41AC-90EA-416400A2C74E}.Debug|Any CPU.ActiveCfg = Debug|Any CPU
		{639B21A6-B69A-41AC-90EA-416400A2C74E}.Debug|Any CPU.Build.0 = Debug|Any CPU
		{639B21A6-B69A-41AC-90EA-416400A2C74E}.Release|Any CPU.ActiveCfg = Release|Any CPU
		{639B21A6-B69A-41AC-90EA-416400A2C74E}.Release|Any CPU.Build.0 = Release|Any CPU
	EndGlobalSection
	GlobalSection(SolutionProperties) = preSolution
		HideSolutionNode = FALSE
	EndGlobalSection
EndGlobal
